
Microsoft Visual Studio Solution File, Format Version 12.00
# Visual Studio Version 17
VisualStudioVersion = 17.7.34031.279
MinimumVisualStudioVersion = 10.0.40219.1
Project("{FAE04EC0-301F-11D3-BF4B-00C04F79EFBC}") = "Array", "Array\Array.csproj", "{F6399524-6934-4543-B3FF-3AABF430A8AB}"
EndProject
Global
	GlobalSection(SolutionConfigurationPlatforms) = preSolution
		Debug|Any CPU = Debug|Any CPU
		Release|Any CPU = Release|Any CPU
	EndGlobalSection
	GlobalSection(ProjectConfigurationPlatforms) = postSolution
		{F6399524-6934-4543-B3FF-3AABF430A8AB}.Debug|Any CPU.ActiveCfg = Debug|Any CPU
		{F6399524-6934-4543-B3FF-3AABF430A8AB}.Debug|Any CPU.Build.0 = Debug|Any CPU
		{F6399524-6934-4543-B3FF-3AABF430A8AB}.Release|Any CPU.ActiveCfg = Release|Any CPU
		{F6399524-6934-4543-B3FF-3AABF430A8AB}.Release|Any CPU.Build.0 = Release|Any CPU
	EndGlobalSection
	GlobalSection(SolutionProperties) = preSolution
		HideSolutionNode = FALSE
	EndGlobalSection
	GlobalSection(ExtensibilityGlobals) = postSolution
		SolutionGuid = {CDEBD707-0637-4DB0-A9C5-6078BABEEEA5}
	EndGlobalSection
EndGlobal
