
Microsoft Visual Studio Solution File, Format Version 12.00
# Visual Studio Version 17
VisualStudioVersion = 17.7.34031.279
MinimumVisualStudioVersion = 10.0.40219.1
Project("{FAE04EC0-301F-11D3-BF4B-00C04F79EFBC}") = "Data Types", "Data Types\Data Types.csproj", "{64CB62CC-572C-4879-BB40-1FDC580C6167}"
EndProject
Global
	GlobalSection(SolutionConfigurationPlatforms) = preSolution
		Debug|Any CPU = Debug|Any CPU
		Release|Any CPU = Release|Any CPU
	EndGlobalSection
	GlobalSection(ProjectConfigurationPlatforms) = postSolution
		{64CB62CC-572C-4879-BB40-1FDC580C6167}.Debug|Any CPU.ActiveCfg = Debug|Any CPU
		{64CB62CC-572C-4879-BB40-1FDC580C6167}.Debug|Any CPU.Build.0 = Debug|Any CPU
		{64CB62CC-572C-4879-BB40-1FDC580C6167}.Release|Any CPU.ActiveCfg = Release|Any CPU
		{64CB62CC-572C-4879-BB40-1FDC580C6167}.Release|Any CPU.Build.0 = Release|Any CPU
	EndGlobalSection
	GlobalSection(SolutionProperties) = preSolution
		HideSolutionNode = FALSE
	EndGlobalSection
	GlobalSection(ExtensibilityGlobals) = postSolution
		SolutionGuid = {0A04DB97-E8AC-470C-81D9-DBD9E422BDF9}
	EndGlobalSection
EndGlobal
